<?xml version="1.0" encoding="UTF-8" standalone="yes" ?>
<CodeBlocks_project_file>
	<FileVersion major="1" minor="6" />
	<Project>
		<Option title="PSO_MLP" />
		<Option pch_mode="2" />
		<Option compiler="gcc" />
		<Option virtualFolders="src/;" />
		<Build>
			<Target title="Debug">
				<Option output="bin/Debug/SOM" prefix_auto="1" extension_auto="1" />
				<Option object_output="obj/Debug/" />
				<Option type="1" />
				<Option compiler="gcc" />
				<Compiler>
					<Add option="-g" />
				</Compiler>
			</Target>
			<Target title="Release">
				<Option output="bin/Release/SOM" prefix_auto="1" extension_auto="1" />
				<Option object_output="obj/Release/" />
				<Option type="1" />
				<Option compiler="gcc" />
				<Compiler>
					<Add option="-O2" />
				</Compiler>
				<Linker>
					<Add option="-s" />
				</Linker>
			</Target>
		</Build>
		<Compiler>
			<Add option="-Wall" />
			<Add option="-fexceptions" />
		</Compiler>
		<Unit filename="include/Red.h" />
		<Unit filename="include/particle.h" />
		<Unit filename="include/swarm.h" />
		<Unit filename="src/Red.cpp" />
		<Unit filename="src/main.cpp" />
		<Unit filename="src/particle.cpp" />
		<Unit filename="src/swarm.cpp" />
		<Unit filename="../Perceptron/include/Capa.h" />
		<Unit filename="../Perceptron/include/Miniptron.h" />
		<Unit filename="../Perceptron/src/Capa.cpp" />
		<Unit filename="../Perceptron/src/Miniptron.cpp" />
		<Unit filename="../utils/utils.cpp" />
		<Unit filename="../utils/utils.h" />
		<Extensions>
			<code_completion />
			<debugger />
		</Extensions>
	</Project>
</CodeBlocks_project_file>
